
Microsoft Visual Studio Solution File, Format Version 12.00
# Visual Studio Version 17
VisualStudioVersion = 17.11.35327.3
MinimumVisualStudioVersion = 10.0.40219.1
Project("{8BC9CEB8-8B4A-11D0-8D11-00A0C91BC942}") = "Chapter5Ex23", "Chapter5Ex23\Chapter5Ex23.vcxproj", "{A626D1AF-0E0A-4917-BE14-FAC7964CD0D1}"
EndProject
Global
	GlobalSection(SolutionConfigurationPlatforms) = preSolution
		Debug|x64 = Debug|x64
		Debug|x86 = Debug|x86
		Release|x64 = Release|x64
		Release|x86 = Release|x86
	EndGlobalSection
	GlobalSection(ProjectConfigurationPlatforms) = postSolution
		{A626D1AF-0E0A-4917-BE14-FAC7964CD0D1}.Debug|x64.ActiveCfg = Debug|x64
		{A626D1AF-0E0A-4917-BE14-FAC7964CD0D1}.Debug|x64.Build.0 = Debug|x64
		{A626D1AF-0E0A-4917-BE14-FAC7964CD0D1}.Debug|x86.ActiveCfg = Debug|Win32
		{A626D1AF-0E0A-4917-BE14-FAC7964CD0D1}.Debug|x86.Build.0 = Debug|Win32
		{A626D1AF-0E0A-4917-BE14-FAC7964CD0D1}.Release|x64.ActiveCfg = Release|x64
		{A626D1AF-0E0A-4917-BE14-FAC7964CD0D1}.Release|x64.Build.0 = Release|x64
		{A626D1AF-0E0A-4917-BE14-FAC7964CD0D1}.Release|x86.ActiveCfg = Release|Win32
		{A626D1AF-0E0A-4917-BE14-FAC7964CD0D1}.Release|x86.Build.0 = Release|Win32
	EndGlobalSection
	GlobalSection(SolutionProperties) = preSolution
		HideSolutionNode = FALSE
	EndGlobalSection
	GlobalSection(ExtensibilityGlobals) = postSolution
		SolutionGuid = {B9884CBD-C3B9-4072-89DC-45AFC6370BE5}
	EndGlobalSection
EndGlobal
